
Microsoft Visual Studio Solution File, Format Version 12.00
# Visual Studio Version 17
VisualStudioVersion = 17.14.36212.18
MinimumVisualStudioVersion = 10.0.40219.1
Project("{FAE04EC0-301F-11D3-BF4B-00C04F79EFBC}") = "Entities", "Entities\Entities.csproj", "{E939E065-996C-4AFA-ABE7-18AE65CDA7B9}"
EndProject
Project("{FAE04EC0-301F-11D3-BF4B-00C04F79EFBC}") = "Contracts", "Contracts\Contracts.csproj", "{E1E7DC2A-9F2E-4068-9BA9-028DFC347237}"
EndProject
Project("{FAE04EC0-301F-11D3-BF4B-00C04F79EFBC}") = "LoggerService", "LoggerService\LoggerService.csproj", "{4C86CF0F-5B70-4402-891D-3CA72090D1BC}"
EndProject
Project("{FAE04EC0-301F-11D3-BF4B-00C04F79EFBC}") = "Repository", "Repository\Repository.csproj", "{3F99035A-BB0B-4E5D-BB64-EC6E0EA3DEE8}"
EndProject
Project("{FAE04EC0-301F-11D3-BF4B-00C04F79EFBC}") = "Shared", "Shared\Shared.csproj", "{A72CD8BE-EBD1-4220-B9FC-120B7EAC5422}"
EndProject
Project("{FAE04EC0-301F-11D3-BF4B-00C04F79EFBC}") = "BamboeUp.Api", "BamboeUp.Api\BamboeUp.Api.csproj", "{8FAA333C-542C-59A0-BD81-D91C89910446}"
EndProject
Project("{FAE04EC0-301F-11D3-BF4B-00C04F79EFBC}") = "Presentation.Shell", "Presentation.Shell\Presentation.Shell.csproj", "{11936982-D805-4AEB-A2F2-75855D646580}"
EndProject
Project("{FAE04EC0-301F-11D3-BF4B-00C04F79EFBC}") = "Presentation.Modules", "Presentation.Modules\Presentation.Modules.csproj", "{A2B286C0-7BAB-4EA0-93A3-D76CA2D08131}"
EndProject
Project("{FAE04EC0-301F-11D3-BF4B-00C04F79EFBC}") = "Service.Shell", "Service.Shell\Service.Shell.csproj", "{2BE807E4-1126-498E-8A06-5A6930BA84EE}"
EndProject
Project("{FAE04EC0-301F-11D3-BF4B-00C04F79EFBC}") = "Service.Modules", "Service.Modules\Service.Modules.csproj", "{26BA64E7-E538-403E-B7AE-3E3DBD4120FD}"
EndProject
Project("{FAE04EC0-301F-11D3-BF4B-00C04F79EFBC}") = "Service.Contracts.Shell", "Service.Contracts.Shell\Service.Contracts.Shell.csproj", "{1D1734D1-07CB-48F5-9EBE-9BBFBBC3517F}"
EndProject
Project("{FAE04EC0-301F-11D3-BF4B-00C04F79EFBC}") = "Service.Contracts.Modules", "Service.Contracts.Modules\Service.Contracts.Modules.csproj", "{6D0CD2EC-2DEF-4BAF-AD2E-73DDEC8A10B8}"
EndProject
Project("{FAE04EC0-301F-11D3-BF4B-00C04F79EFBC}") = "BamboeUp.Report", "..\BamboeUp.Report\BamboeUp.Report.csproj", "{EAFE7E9B-A5B7-4DCD-B30B-EBE2EA8AD80F}"
EndProject
Global
	GlobalSection(SolutionConfigurationPlatforms) = preSolution
		Debug|Any CPU = Debug|Any CPU
		Debug|x64 = Debug|x64
		Debug|x86 = Debug|x86
		Release|Any CPU = Release|Any CPU
		Release|x64 = Release|x64
		Release|x86 = Release|x86
	EndGlobalSection
	GlobalSection(ProjectConfigurationPlatforms) = postSolution
		{E939E065-996C-4AFA-ABE7-18AE65CDA7B9}.Debug|Any CPU.ActiveCfg = Debug|Any CPU
		{E939E065-996C-4AFA-ABE7-18AE65CDA7B9}.Debug|Any CPU.Build.0 = Debug|Any CPU
		{E939E065-996C-4AFA-ABE7-18AE65CDA7B9}.Debug|x64.ActiveCfg = Debug|Any CPU
		{E939E065-996C-4AFA-ABE7-18AE65CDA7B9}.Debug|x64.Build.0 = Debug|Any CPU
		{E939E065-996C-4AFA-ABE7-18AE65CDA7B9}.Debug|x86.ActiveCfg = Debug|Any CPU
		{E939E065-996C-4AFA-ABE7-18AE65CDA7B9}.Debug|x86.Build.0 = Debug|Any CPU
		{E939E065-996C-4AFA-ABE7-18AE65CDA7B9}.Release|Any CPU.ActiveCfg = Release|Any CPU
		{E939E065-996C-4AFA-ABE7-18AE65CDA7B9}.Release|Any CPU.Build.0 = Release|Any CPU
		{E939E065-996C-4AFA-ABE7-18AE65CDA7B9}.Release|x64.ActiveCfg = Release|Any CPU
		{E939E065-996C-4AFA-ABE7-18AE65CDA7B9}.Release|x64.Build.0 = Release|Any CPU
		{E939E065-996C-4AFA-ABE7-18AE65CDA7B9}.Release|x86.ActiveCfg = Release|Any CPU
		{E939E065-996C-4AFA-ABE7-18AE65CDA7B9}.Release|x86.Build.0 = Release|Any CPU
		{E1E7DC2A-9F2E-4068-9BA9-028DFC347237}.Debug|Any CPU.ActiveCfg = Debug|Any CPU
		{E1E7DC2A-9F2E-4068-9BA9-028DFC347237}.Debug|Any CPU.Build.0 = Debug|Any CPU
		{E1E7DC2A-9F2E-4068-9BA9-028DFC347237}.Debug|x64.ActiveCfg = Debug|Any CPU
		{E1E7DC2A-9F2E-4068-9BA9-028DFC347237}.Debug|x64.Build.0 = Debug|Any CPU
		{E1E7DC2A-9F2E-4068-9BA9-028DFC347237}.Debug|x86.ActiveCfg = Debug|Any CPU
		{E1E7DC2A-9F2E-4068-9BA9-028DFC347237}.Debug|x86.Build.0 = Debug|Any CPU
		{E1E7DC2A-9F2E-4068-9BA9-028DFC347237}.Release|Any CPU.ActiveCfg = Release|Any CPU
		{E1E7DC2A-9F2E-4068-9BA9-028DFC347237}.Release|Any CPU.Build.0 = Release|Any CPU
		{E1E7DC2A-9F2E-4068-9BA9-028DFC347237}.Release|x64.ActiveCfg = Release|Any CPU
		{E1E7DC2A-9F2E-4068-9BA9-028DFC347237}.Release|x64.Build.0 = Release|Any CPU
		{E1E7DC2A-9F2E-4068-9BA9-028DFC347237}.Release|x86.ActiveCfg = Release|Any CPU
		{E1E7DC2A-9F2E-4068-9BA9-028DFC347237}.Release|x86.Build.0 = Release|Any CPU
		{4C86CF0F-5B70-4402-891D-3CA72090D1BC}.Debug|Any CPU.ActiveCfg = Debug|Any CPU
		{4C86CF0F-5B70-4402-891D-3CA72090D1BC}.Debug|Any CPU.Build.0 = Debug|Any CPU
		{4C86CF0F-5B70-4402-891D-3CA72090D1BC}.Debug|x64.ActiveCfg = Debug|Any CPU
		{4C86CF0F-5B70-4402-891D-3CA72090D1BC}.Debug|x64.Build.0 = Debug|Any CPU
		{4C86CF0F-5B70-4402-891D-3CA72090D1BC}.Debug|x86.ActiveCfg = Debug|Any CPU
		{4C86CF0F-5B70-4402-891D-3CA72090D1BC}.Debug|x86.Build.0 = Debug|Any CPU
		{4C86CF0F-5B70-4402-891D-3CA72090D1BC}.Release|Any CPU.ActiveCfg = Release|Any CPU
		{4C86CF0F-5B70-4402-891D-3CA72090D1BC}.Release|Any CPU.Build.0 = Release|Any CPU
		{4C86CF0F-5B70-4402-891D-3CA72090D1BC}.Release|x64.ActiveCfg = Release|Any CPU
		{4C86CF0F-5B70-4402-891D-3CA72090D1BC}.Release|x64.Build.0 = Release|Any CPU
		{4C86CF0F-5B70-4402-891D-3CA72090D1BC}.Release|x86.ActiveCfg = Release|Any CPU
		{4C86CF0F-5B70-4402-891D-3CA72090D1BC}.Release|x86.Build.0 = Release|Any CPU
		{3F99035A-BB0B-4E5D-BB64-EC6E0EA3DEE8}.Debug|Any CPU.ActiveCfg = Debug|Any CPU
		{3F99035A-BB0B-4E5D-BB64-EC6E0EA3DEE8}.Debug|Any CPU.Build.0 = Debug|Any CPU
		{3F99035A-BB0B-4E5D-BB64-EC6E0EA3DEE8}.Debug|x64.ActiveCfg = Debug|Any CPU
		{3F99035A-BB0B-4E5D-BB64-EC6E0EA3DEE8}.Debug|x64.Build.0 = Debug|Any CPU
		{3F99035A-BB0B-4E5D-BB64-EC6E0EA3DEE8}.Debug|x86.ActiveCfg = Debug|Any CPU
		{3F99035A-BB0B-4E5D-BB64-EC6E0EA3DEE8}.Debug|x86.Build.0 = Debug|Any CPU
		{3F99035A-BB0B-4E5D-BB64-EC6E0EA3DEE8}.Release|Any CPU.ActiveCfg = Release|Any CPU
		{3F99035A-BB0B-4E5D-BB64-EC6E0EA3DEE8}.Release|Any CPU.Build.0 = Release|Any CPU
		{3F99035A-BB0B-4E5D-BB64-EC6E0EA3DEE8}.Release|x64.ActiveCfg = Release|Any CPU
		{3F99035A-BB0B-4E5D-BB64-EC6E0EA3DEE8}.Release|x64.Build.0 = Release|Any CPU
		{3F99035A-BB0B-4E5D-BB64-EC6E0EA3DEE8}.Release|x86.ActiveCfg = Release|Any CPU
		{3F99035A-BB0B-4E5D-BB64-EC6E0EA3DEE8}.Release|x86.Build.0 = Release|Any CPU
		{A72CD8BE-EBD1-4220-B9FC-120B7EAC5422}.Debug|Any CPU.ActiveCfg = Debug|Any CPU
		{A72CD8BE-EBD1-4220-B9FC-120B7EAC5422}.Debug|Any CPU.Build.0 = Debug|Any CPU
		{A72CD8BE-EBD1-4220-B9FC-120B7EAC5422}.Debug|x64.ActiveCfg = Debug|Any CPU
		{A72CD8BE-EBD1-4220-B9FC-120B7EAC5422}.Debug|x64.Build.0 = Debug|Any CPU
		{A72CD8BE-EBD1-4220-B9FC-120B7EAC5422}.Debug|x86.ActiveCfg = Debug|Any CPU
		{A72CD8BE-EBD1-4220-B9FC-120B7EAC5422}.Debug|x86.Build.0 = Debug|Any CPU
		{A72CD8BE-EBD1-4220-B9FC-120B7EAC5422}.Release|Any CPU.ActiveCfg = Release|Any CPU
		{A72CD8BE-EBD1-4220-B9FC-120B7EAC5422}.Release|Any CPU.Build.0 = Release|Any CPU
		{A72CD8BE-EBD1-4220-B9FC-120B7EAC5422}.Release|x64.ActiveCfg = Release|Any CPU
		{A72CD8BE-EBD1-4220-B9FC-120B7EAC5422}.Release|x64.Build.0 = Release|Any CPU
		{A72CD8BE-EBD1-4220-B9FC-120B7EAC5422}.Release|x86.ActiveCfg = Release|Any CPU
		{A72CD8BE-EBD1-4220-B9FC-120B7EAC5422}.Release|x86.Build.0 = Release|Any CPU
		{8FAA333C-542C-59A0-BD81-D91C89910446}.Debug|Any CPU.ActiveCfg = Debug|Any CPU
		{8FAA333C-542C-59A0-BD81-D91C89910446}.Debug|Any CPU.Build.0 = Debug|Any CPU
		{8FAA333C-542C-59A0-BD81-D91C89910446}.Debug|x64.ActiveCfg = Debug|Any CPU
		{8FAA333C-542C-59A0-BD81-D91C89910446}.Debug|x64.Build.0 = Debug|Any CPU
		{8FAA333C-542C-59A0-BD81-D91C89910446}.Debug|x86.ActiveCfg = Debug|Any CPU
		{8FAA333C-542C-59A0-BD81-D91C89910446}.Debug|x86.Build.0 = Debug|Any CPU
		{8FAA333C-542C-59A0-BD81-D91C89910446}.Release|Any CPU.ActiveCfg = Release|Any CPU
		{8FAA333C-542C-59A0-BD81-D91C89910446}.Release|Any CPU.Build.0 = Release|Any CPU
		{8FAA333C-542C-59A0-BD81-D91C89910446}.Release|x64.ActiveCfg = Release|Any CPU
		{8FAA333C-542C-59A0-BD81-D91C89910446}.Release|x64.Build.0 = Release|Any CPU
		{8FAA333C-542C-59A0-BD81-D91C89910446}.Release|x86.ActiveCfg = Release|Any CPU
		{8FAA333C-542C-59A0-BD81-D91C89910446}.Release|x86.Build.0 = Release|Any CPU
		{11936982-D805-4AEB-A2F2-75855D646580}.Debug|Any CPU.ActiveCfg = Debug|Any CPU
		{11936982-D805-4AEB-A2F2-75855D646580}.Debug|Any CPU.Build.0 = Debug|Any CPU
		{11936982-D805-4AEB-A2F2-75855D646580}.Debug|x64.ActiveCfg = Debug|Any CPU
		{11936982-D805-4AEB-A2F2-75855D646580}.Debug|x64.Build.0 = Debug|Any CPU
		{11936982-D805-4AEB-A2F2-75855D646580}.Debug|x86.ActiveCfg = Debug|Any CPU
		{11936982-D805-4AEB-A2F2-75855D646580}.Debug|x86.Build.0 = Debug|Any CPU
		{11936982-D805-4AEB-A2F2-75855D646580}.Release|Any CPU.ActiveCfg = Release|Any CPU
		{11936982-D805-4AEB-A2F2-75855D646580}.Release|Any CPU.Build.0 = Release|Any CPU
		{11936982-D805-4AEB-A2F2-75855D646580}.Release|x64.ActiveCfg = Release|Any CPU
		{11936982-D805-4AEB-A2F2-75855D646580}.Release|x64.Build.0 = Release|Any CPU
		{11936982-D805-4AEB-A2F2-75855D646580}.Release|x86.ActiveCfg = Release|Any CPU
		{11936982-D805-4AEB-A2F2-75855D646580}.Release|x86.Build.0 = Release|Any CPU
		{A2B286C0-7BAB-4EA0-93A3-D76CA2D08131}.Debug|Any CPU.ActiveCfg = Debug|Any CPU
		{A2B286C0-7BAB-4EA0-93A3-D76CA2D08131}.Debug|Any CPU.Build.0 = Debug|Any CPU
		{A2B286C0-7BAB-4EA0-93A3-D76CA2D08131}.Debug|x64.ActiveCfg = Debug|Any CPU
		{A2B286C0-7BAB-4EA0-93A3-D76CA2D08131}.Debug|x64.Build.0 = Debug|Any CPU
		{A2B286C0-7BAB-4EA0-93A3-D76CA2D08131}.Debug|x86.ActiveCfg = Debug|Any CPU
		{A2B286C0-7BAB-4EA0-93A3-D76CA2D08131}.Debug|x86.Build.0 = Debug|Any CPU
		{A2B286C0-7BAB-4EA0-93A3-D76CA2D08131}.Release|Any CPU.ActiveCfg = Release|Any CPU
		{A2B286C0-7BAB-4EA0-93A3-D76CA2D08131}.Release|Any CPU.Build.0 = Release|Any CPU
		{A2B286C0-7BAB-4EA0-93A3-D76CA2D08131}.Release|x64.ActiveCfg = Release|Any CPU
		{A2B286C0-7BAB-4EA0-93A3-D76CA2D08131}.Release|x64.Build.0 = Release|Any CPU
		{A2B286C0-7BAB-4EA0-93A3-D76CA2D08131}.Release|x86.ActiveCfg = Release|Any CPU
		{A2B286C0-7BAB-4EA0-93A3-D76CA2D08131}.Release|x86.Build.0 = Release|Any CPU
		{2BE807E4-1126-498E-8A06-5A6930BA84EE}.Debug|Any CPU.ActiveCfg = Debug|Any CPU
		{2BE807E4-1126-498E-8A06-5A6930BA84EE}.Debug|Any CPU.Build.0 = Debug|Any CPU
		{2BE807E4-1126-498E-8A06-5A6930BA84EE}.Debug|x64.ActiveCfg = Debug|Any CPU
		{2BE807E4-1126-498E-8A06-5A6930BA84EE}.Debug|x64.Build.0 = Debug|Any CPU
		{2BE807E4-1126-498E-8A06-5A6930BA84EE}.Debug|x86.ActiveCfg = Debug|Any CPU
		{2BE807E4-1126-498E-8A06-5A6930BA84EE}.Debug|x86.Build.0 = Debug|Any CPU
		{2BE807E4-1126-498E-8A06-5A6930BA84EE}.Release|Any CPU.ActiveCfg = Release|Any CPU
		{2BE807E4-1126-498E-8A06-5A6930BA84EE}.Release|Any CPU.Build.0 = Release|Any CPU
		{2BE807E4-1126-498E-8A06-5A6930BA84EE}.Release|x64.ActiveCfg = Release|Any CPU
		{2BE807E4-1126-498E-8A06-5A6930BA84EE}.Release|x64.Build.0 = Release|Any CPU
		{2BE807E4-1126-498E-8A06-5A6930BA84EE}.Release|x86.ActiveCfg = Release|Any CPU
		{2BE807E4-1126-498E-8A06-5A6930BA84EE}.Release|x86.Build.0 = Release|Any CPU
		{26BA64E7-E538-403E-B7AE-3E3DBD4120FD}.Debug|Any CPU.ActiveCfg = Debug|Any CPU
		{26BA64E7-E538-403E-B7AE-3E3DBD4120FD}.Debug|Any CPU.Build.0 = Debug|Any CPU
		{26BA64E7-E538-403E-B7AE-3E3DBD4120FD}.Debug|x64.ActiveCfg = Debug|Any CPU
		{26BA64E7-E538-403E-B7AE-3E3DBD4120FD}.Debug|x64.Build.0 = Debug|Any CPU
		{26BA64E7-E538-403E-B7AE-3E3DBD4120FD}.Debug|x86.ActiveCfg = Debug|Any CPU
		{26BA64E7-E538-403E-B7AE-3E3DBD4120FD}.Debug|x86.Build.0 = Debug|Any CPU
		{26BA64E7-E538-403E-B7AE-3E3DBD4120FD}.Release|Any CPU.ActiveCfg = Release|Any CPU
		{26BA64E7-E538-403E-B7AE-3E3DBD4120FD}.Release|Any CPU.Build.0 = Release|Any CPU
		{26BA64E7-E538-403E-B7AE-3E3DBD4120FD}.Release|x64.ActiveCfg = Release|Any CPU
		{26BA64E7-E538-403E-B7AE-3E3DBD4120FD}.Release|x64.Build.0 = Release|Any CPU
		{26BA64E7-E538-403E-B7AE-3E3DBD4120FD}.Release|x86.ActiveCfg = Release|Any CPU
		{26BA64E7-E538-403E-B7AE-3E3DBD4120FD}.Release|x86.Build.0 = Release|Any CPU
		{1D1734D1-07CB-48F5-9EBE-9BBFBBC3517F}.Debug|Any CPU.ActiveCfg = Debug|Any CPU
		{1D1734D1-07CB-48F5-9EBE-9BBFBBC3517F}.Debug|Any CPU.Build.0 = Debug|Any CPU
		{1D1734D1-07CB-48F5-9EBE-9BBFBBC3517F}.Debug|x64.ActiveCfg = Debug|Any CPU
		{1D1734D1-07CB-48F5-9EBE-9BBFBBC3517F}.Debug|x64.Build.0 = Debug|Any CPU
		{1D1734D1-07CB-48F5-9EBE-9BBFBBC3517F}.Debug|x86.ActiveCfg = Debug|Any CPU
		{1D1734D1-07CB-48F5-9EBE-9BBFBBC3517F}.Debug|x86.Build.0 = Debug|Any CPU
		{1D1734D1-07CB-48F5-9EBE-9BBFBBC3517F}.Release|Any CPU.ActiveCfg = Release|Any CPU
		{1D1734D1-07CB-48F5-9EBE-9BBFBBC3517F}.Release|Any CPU.Build.0 = Release|Any CPU
		{1D1734D1-07CB-48F5-9EBE-9BBFBBC3517F}.Release|x64.ActiveCfg = Release|Any CPU
		{1D1734D1-07CB-48F5-9EBE-9BBFBBC3517F}.Release|x64.Build.0 = Release|Any CPU
		{1D1734D1-07CB-48F5-9EBE-9BBFBBC3517F}.Release|x86.ActiveCfg = Release|Any CPU
		{1D1734D1-07CB-48F5-9EBE-9BBFBBC3517F}.Release|x86.Build.0 = Release|Any CPU
		{6D0CD2EC-2DEF-4BAF-AD2E-73DDEC8A10B8}.Debug|Any CPU.ActiveCfg = Debug|Any CPU
		{6D0CD2EC-2DEF-4BAF-AD2E-73DDEC8A10B8}.Debug|Any CPU.Build.0 = Debug|Any CPU
		{6D0CD2EC-2DEF-4BAF-AD2E-73DDEC8A10B8}.Debug|x64.ActiveCfg = Debug|Any CPU
		{6D0CD2EC-2DEF-4BAF-AD2E-73DDEC8A10B8}.Debug|x64.Build.0 = Debug|Any CPU
		{6D0CD2EC-2DEF-4BAF-AD2E-73DDEC8A10B8}.Debug|x86.ActiveCfg = Debug|Any CPU
		{6D0CD2EC-2DEF-4BAF-AD2E-73DDEC8A10B8}.Debug|x86.Build.0 = Debug|Any CPU
		{6D0CD2EC-2DEF-4BAF-AD2E-73DDEC8A10B8}.Release|Any CPU.ActiveCfg = Release|Any CPU
		{6D0CD2EC-2DEF-4BAF-AD2E-73DDEC8A10B8}.Release|Any CPU.Build.0 = Release|Any CPU
		{6D0CD2EC-2DEF-4BAF-AD2E-73DDEC8A10B8}.Release|x64.ActiveCfg = Release|Any CPU
		{6D0CD2EC-2DEF-4BAF-AD2E-73DDEC8A10B8}.Release|x64.Build.0 = Release|Any CPU
		{6D0CD2EC-2DEF-4BAF-AD2E-73DDEC8A10B8}.Release|x86.ActiveCfg = Release|Any CPU
		{6D0CD2EC-2DEF-4BAF-AD2E-73DDEC8A10B8}.Release|x86.Build.0 = Release|Any CPU
		{EAFE7E9B-A5B7-4DCD-B30B-EBE2EA8AD80F}.Debug|Any CPU.ActiveCfg = Debug|Any CPU
		{EAFE7E9B-A5B7-4DCD-B30B-EBE2EA8AD80F}.Debug|Any CPU.Build.0 = Debug|Any CPU
		{EAFE7E9B-A5B7-4DCD-B30B-EBE2EA8AD80F}.Debug|x64.ActiveCfg = Debug|Any CPU
		{EAFE7E9B-A5B7-4DCD-B30B-EBE2EA8AD80F}.Debug|x64.Build.0 = Debug|Any CPU
		{EAFE7E9B-A5B7-4DCD-B30B-EBE2EA8AD80F}.Debug|x86.ActiveCfg = Debug|Any CPU
		{EAFE7E9B-A5B7-4DCD-B30B-EBE2EA8AD80F}.Debug|x86.Build.0 = Debug|Any CPU
		{EAFE7E9B-A5B7-4DCD-B30B-EBE2EA8AD80F}.Release|Any CPU.ActiveCfg = Release|Any CPU
		{EAFE7E9B-A5B7-4DCD-B30B-EBE2EA8AD80F}.Release|Any CPU.Build.0 = Release|Any CPU
		{EAFE7E9B-A5B7-4DCD-B30B-EBE2EA8AD80F}.Release|x64.ActiveCfg = Release|Any CPU
		{EAFE7E9B-A5B7-4DCD-B30B-EBE2EA8AD80F}.Release|x64.Build.0 = Release|Any CPU
		{EAFE7E9B-A5B7-4DCD-B30B-EBE2EA8AD80F}.Release|x86.ActiveCfg = Release|Any CPU
		{EAFE7E9B-A5B7-4DCD-B30B-EBE2EA8AD80F}.Release|x86.Build.0 = Release|Any CPU
	EndGlobalSection
	GlobalSection(SolutionProperties) = preSolution
		HideSolutionNode = FALSE
	EndGlobalSection
	GlobalSection(ExtensibilityGlobals) = postSolution
		SolutionGuid = {8EB1110E-90F1-488A-AA21-B9766F02463C}
	EndGlobalSection
EndGlobal
